// !$*UTF8*$!
{
	archiveVersion = 1;
	classes = {
	};
	objectVersion = 50;
	objects = {

/* Begin PBXBuildFile section */
		D5A30CB72696B16200DE2012 /* Punching Power WatchKit App.app in Embed Watch Content */ = {isa = PBXBuildFile; fileRef = D5A30CB62696B16200DE2012 /* Punching Power WatchKit App.app */; settings = {ATTRIBUTES = (RemoveHeadersOnCopy, ); }; };
		D5A30CBD2696B16200DE2012 /* Interface.storyboard in Resources */ = {isa = PBXBuildFile; fileRef = D5A30CBB2696B16200DE2012 /* Interface.storyboard */; };
		D5A30CBF2696B16400DE2012 /* Assets.xcassets in Resources */ = {isa = PBXBuildFile; fileRef = D5A30CBE2696B16400DE2012 /* Assets.xcassets */; };
		D5A30CC62696B16400DE2012 /* Punching Power WatchKit Extension.appex in Embed App Extensions */ = {isa = PBXBuildFile; fileRef = D5A30CC52696B16400DE2012 /* Punching Power WatchKit Extension.appex */; settings = {ATTRIBUTES = (RemoveHeadersOnCopy, ); }; };
		D5A30CCB2696B16400DE2012 /* InterfaceController.swift in Sources */ = {isa = PBXBuildFile; fileRef = D5A30CCA2696B16400DE2012 /* InterfaceController.swift */; };
		D5A30CCD2696B16400DE2012 /* ExtensionDelegate.swift in Sources */ = {isa = PBXBuildFile; fileRef = D5A30CCC2696B16400DE2012 /* ExtensionDelegate.swift */; };
		D5A30CCF2696B16400DE2012 /* ComplicationController.swift in Sources */ = {isa = PBXBuildFile; fileRef = D5A30CCE2696B16400DE2012 /* ComplicationController.swift */; };
		D5A30CD12696B16500DE2012 /* Assets.xcassets in Resources */ = {isa = PBXBuildFile; fileRef = D5A30CD02696B16500DE2012 /* Assets.xcassets */; };
/* End PBXBuildFile section */

/* Begin PBXContainerItemProxy section */
		D5A30CB82696B16200DE2012 /* PBXContainerItemProxy */ = {
			isa = PBXContainerItemProxy;
			containerPortal = D5A30CAC2696B16200DE2012 /* Project object */;
			proxyType = 1;
			remoteGlobalIDString = D5A30CB52696B16200DE2012;
			remoteInfo = "Punching Power WatchKit App";
		};
		D5A30CC72696B16400DE2012 /* PBXContainerItemProxy */ = {
			isa = PBXContainerItemProxy;
			containerPortal = D5A30CAC2696B16200DE2012 /* Project object */;
			proxyType = 1;
			remoteGlobalIDString = D5A30CC42696B16400DE2012;
			remoteInfo = "Punching Power WatchKit Extension";
		};
/* End PBXContainerItemProxy section */

/* Begin PBXCopyFilesBuildPhase section */
		D5A30CD82696B16500DE2012 /* Embed App Extensions */ = {
			isa = PBXCopyFilesBuildPhase;
			buildActionMask = 2147483647;
			dstPath = "";
			dstSubfolderSpec = 13;
			files = (
				D5A30CC62696B16400DE2012 /* Punching Power WatchKit Extension.appex in Embed App Extensions */,
			);
			name = "Embed App Extensions";
			runOnlyForDeploymentPostprocessing = 0;
		};
		D5A30CDC2696B16500DE2012 /* Embed Watch Content */ = {
			isa = PBXCopyFilesBuildPhase;
			buildActionMask = 2147483647;
			dstPath = "$(CONTENTS_FOLDER_PATH)/Watch";
			dstSubfolderSpec = 16;
			files = (
				D5A30CB72696B16200DE2012 /* Punching Power WatchKit App.app in Embed Watch Content */,
			);
			name = "Embed Watch Content";
			runOnlyForDeploymentPostprocessing = 0;
		};
/* End PBXCopyFilesBuildPhase section */

/* Begin PBXFileReference section */
		D5A30CB22696B16200DE2012 /* Punching Power.app */ = {isa = PBXFileReference; explicitFileType = wrapper.application; includeInIndex = 0; path = "Punching Power.app"; sourceTree = BUILT_PRODUCTS_DIR; };
		D5A30CB62696B16200DE2012 /* Punching Power WatchKit App.app */ = {isa = PBXFileReference; explicitFileType = wrapper.application; includeInIndex = 0; path = "Punching Power WatchKit App.app"; sourceTree = BUILT_PRODUCTS_DIR; };
		D5A30CBC2696B16200DE2012 /* Base */ = {isa = PBXFileReference; lastKnownFileType = file.storyboard; name = Base; path = Base.lproj/Interface.storyboard; sourceTree = "<group>"; };
		D5A30CBE2696B16400DE2012 /* Assets.xcassets */ = {isa = PBXFileReference; lastKnownFileType = folder.assetcatalog; path = Assets.xcassets; sourceTree = "<group>"; };
		D5A30CC02696B16400DE2012 /* Info.plist */ = {isa = PBXFileReference; lastKnownFileType = text.plist.xml; path = Info.plist; sourceTree = "<group>"; };
		D5A30CC52696B16400DE2012 /* Punching Power WatchKit Extension.appex */ = {isa = PBXFileReference; explicitFileType = "wrapper.app-extension"; includeInIndex = 0; path = "Punching Power WatchKit Extension.appex"; sourceTree = BUILT_PRODUCTS_DIR; };
		D5A30CCA2696B16400DE2012 /* InterfaceController.swift */ = {isa = PBXFileReference; lastKnownFileType = sourcecode.swift; path = InterfaceController.swift; sourceTree = "<group>"; };
		D5A30CCC2696B16400DE2012 /* ExtensionDelegate.swift */ = {isa = PBXFileReference; lastKnownFileType = sourcecode.swift; path = ExtensionDelegate.swift; sourceTree = "<group>"; };
		D5A30CCE2696B16400DE2012 /* ComplicationController.swift */ = {isa = PBXFileReference; lastKnownFileType = sourcecode.swift; path = ComplicationController.swift; sourceTree = "<group>"; };
		D5A30CD02696B16500DE2012 /* Assets.xcassets */ = {isa = PBXFileReference; lastKnownFileType = folder.assetcatalog; path = Assets.xcassets; sourceTree = "<group>"; };
		D5A30CD22696B16500DE2012 /* Info.plist */ = {isa = PBXFileReference; lastKnownFileType = text.plist.xml; path = Info.plist; sourceTree = "<group>"; };
/* End PBXFileReference section */

/* Begin PBXFrameworksBuildPhase section */
		D5A30CC22696B16400DE2012 /* Frameworks */ = {
			isa = PBXFrameworksBuildPhase;
			buildActionMask = 2147483647;
			files = (
			);
			runOnlyForDeploymentPostprocessing = 0;
		};
/* End PBXFrameworksBuildPhase section */

/* Begin PBXGroup section */
		D5A30CAB2696B16200DE2012 = {
			isa = PBXGroup;
			children = (
				D5A30CBA2696B16200DE2012 /* Punching Power WatchKit App */,
				D5A30CC92696B16400DE2012 /* Punching Power WatchKit Extension */,
				D5A30CB32696B16200DE2012 /* Products */,
			);
			sourceTree = "<group>";
		};
		D5A30CB32696B16200DE2012 /* Products */ = {
			isa = PBXGroup;
			children = (
				D5A30CB22696B16200DE2012 /* Punching Power.app */,
				D5A30CB62696B16200DE2012 /* Punching Power WatchKit App.app */,
				D5A30CC52696B16400DE2012 /* Punching Power WatchKit Extension.appex */,
			);
			name = Products;
			sourceTree = "<group>";
		};
		D5A30CBA2696B16200DE2012 /* Punching Power WatchKit App */ = {
			isa = PBXGroup;
			children = (
				D5A30CBB2696B16200DE2012 /* Interface.storyboard */,
				D5A30CBE2696B16400DE2012 /* Assets.xcassets */,
				D5A30CC02696B16400DE2012 /* Info.plist */,
			);
			path = "Punching Power WatchKit App";
			sourceTree = "<group>";
		};
		D5A30CC92696B16400DE2012 /* Punching Power WatchKit Extension */ = {
			isa = PBXGroup;
			children = (
				D5A30CCA2696B16400DE2012 /* InterfaceController.swift */,
				D5A30CCC2696B16400DE2012 /* ExtensionDelegate.swift */,
				D5A30CCE2696B16400DE2012 /* ComplicationController.swift */,
				D5A30CD02696B16500DE2012 /* Assets.xcassets */,
				D5A30CD22696B16500DE2012 /* Info.plist */,
			);
			path = "Punching Power WatchKit Extension";
			sourceTree = "<group>";
		};
/* End PBXGroup section */

/* Begin PBXNativeTarget section */
		D5A30CB12696B16200DE2012 /* Punching Power */ = {
			isa = PBXNativeTarget;
			buildConfigurationList = D5A30CDD2696B16500DE2012 /* Build configuration list for PBXNativeTarget "Punching Power" */;
			buildPhases = (
				D5A30CB02696B16200DE2012 /* Resources */,
				D5A30CDC2696B16500DE2012 /* Embed Watch Content */,
			);
			buildRules = (
			);
			dependencies = (
				D5A30CB92696B16200DE2012 /* PBXTargetDependency */,
			);
			name = "Punching Power";
			productName = "Punching Power";
			productReference = D5A30CB22696B16200DE2012 /* Punching Power.app */;
			productType = "com.apple.product-type.application.watchapp2-container";
		};
		D5A30CB52696B16200DE2012 /* Punching Power WatchKit App */ = {
			isa = PBXNativeTarget;
			buildConfigurationList = D5A30CD92696B16500DE2012 /* Build configuration list for PBXNativeTarget "Punching Power WatchKit App" */;
			buildPhases = (
				D5A30CB42696B16200DE2012 /* Resources */,
				D5A30CD82696B16500DE2012 /* Embed App Extensions */,
			);
			buildRules = (
			);
			dependencies = (
				D5A30CC82696B16400DE2012 /* PBXTargetDependency */,
			);
			name = "Punching Power WatchKit App";
			productName = "Punching Power WatchKit App";
			productReference = D5A30CB62696B16200DE2012 /* Punching Power WatchKit App.app */;
			productType = "com.apple.product-type.application.watchapp2";
		};
		D5A30CC42696B16400DE2012 /* Punching Power WatchKit Extension */ = {
			isa = PBXNativeTarget;
			buildConfigurationList = D5A30CD52696B16500DE2012 /* Build configuration list for PBXNativeTarget "Punching Power WatchKit Extension" */;
			buildPhases = (
				D5A30CC12696B16400DE2012 /* Sources */,
				D5A30CC22696B16400DE2012 /* Frameworks */,
				D5A30CC32696B16400DE2012 /* Resources */,
			);
			buildRules = (
			);
			dependencies = (
			);
			name = "Punching Power WatchKit Extension";
			productName = "Punching Power WatchKit Extension";
			productReference = D5A30CC52696B16400DE2012 /* Punching Power WatchKit Extension.appex */;
			productType = "com.apple.product-type.watchkit2-extension";
		};
/* End PBXNativeTarget section */

/* Begin PBXProject section */
		D5A30CAC2696B16200DE2012 /* Project object */ = {
			isa = PBXProject;
			attributes = {
				LastSwiftUpdateCheck = 1250;
				LastUpgradeCheck = 1250;
				TargetAttributes = {
					D5A30CB12696B16200DE2012 = {
						CreatedOnToolsVersion = 12.5.1;
					};
					D5A30CB52696B16200DE2012 = {
						CreatedOnToolsVersion = 12.5.1;
					};
					D5A30CC42696B16400DE2012 = {
						CreatedOnToolsVersion = 12.5.1;
					};
				};
			};
			buildConfigurationList = D5A30CAF2696B16200DE2012 /* Build configuration list for PBXProject "Punching Power" */;
			compatibilityVersion = "Xcode 9.3";
			developmentRegion = en;
			hasScannedForEncodings = 0;
			knownRegions = (
				en,
				Base,
			);
			mainGroup = D5A30CAB2696B16200DE2012;
			productRefGroup = D5A30CB32696B16200DE2012 /* Products */;
			projectDirPath = "";
			projectRoot = "";
			targets = (
				D5A30CB12696B16200DE2012 /* Punching Power */,
				D5A30CB52696B16200DE2012 /* Punching Power WatchKit App */,
				D5A30CC42696B16400DE2012 /* Punching Power WatchKit Extension */,
			);
		};
/* End PBXProject section */

/* Begin PBXResourcesBuildPhase section */
		D5A30CB02696B16200DE2012 /* Resources */ = {
			isa = PBXResourcesBuildPhase;
			buildActionMask = 2147483647;
			files = (
			);
			runOnlyForDeploymentPostprocessing = 0;
		};
		D5A30CB42696B16200DE2012 /* Resources */ = {
			isa = PBXResourcesBuildPhase;
			buildActionMask = 2147483647;
			files = (
				D5A30CBF2696B16400DE2012 /* Assets.xcassets in Resources */,
				D5A30CBD2696B16200DE2012 /* Interface.storyboard in Resources */,
			);
			runOnlyForDeploymentPostprocessing = 0;
		};
		D5A30CC32696B16400DE2012 /* Resources */ = {
			isa = PBXResourcesBuildPhase;
			buildActionMask = 2147483647;
			files = (
				D5A30CD12696B16500DE2012 /* Assets.xcassets in Resources */,
			);
			runOnlyForDeploymentPostprocessing = 0;
		};
/* End PBXResourcesBuildPhase section */

/* Begin PBXSourcesBuildPhase section */
		D5A30CC12696B16400DE2012 /* Sources */ = {
			isa = PBXSourcesBuildPhase;
			buildActionMask = 2147483647;
			files = (
				D5A30CCD2696B16400DE2012 /* ExtensionDelegate.swift in Sources */,
				D5A30CCB2696B16400DE2012 /* InterfaceController.swift in Sources */,
				D5A30CCF2696B16400DE2012 /* ComplicationController.swift in Sources */,
			);
			runOnlyForDeploymentPostprocessing = 0;
		};
/* End PBXSourcesBuildPhase section */

/* Begin PBXTargetDependency section */
		D5A30CB92696B16200DE2012 /* PBXTargetDependency */ = {
			isa = PBXTargetDependency;
			target = D5A30CB52696B16200DE2012 /* Punching Power WatchKit App */;
			targetProxy = D5A30CB82696B16200DE2012 /* PBXContainerItemProxy */;
		};
		D5A30CC82696B16400DE2012 /* PBXTargetDependency */ = {
			isa = PBXTargetDependency;
			target = D5A30CC42696B16400DE2012 /* Punching Power WatchKit Extension */;
			targetProxy = D5A30CC72696B16400DE2012 /* PBXContainerItemProxy */;
		};
/* End PBXTargetDependency section */

/* Begin PBXVariantGroup section */
		D5A30CBB2696B16200DE2012 /* Interface.storyboard */ = {
			isa = PBXVariantGroup;
			children = (
				D5A30CBC2696B16200DE2012 /* Base */,
			);
			name = Interface.storyboard;
			sourceTree = "<group>";
		};
/* End PBXVariantGroup section */

/* Begin XCBuildConfiguration section */
		D5A30CD32696B16500DE2012 /* Debug */ = {
			isa = XCBuildConfiguration;
			buildSettings = {
				ALWAYS_SEARCH_USER_PATHS = NO;
				CLANG_ANALYZER_NONNULL = YES;
				CLANG_ANALYZER_NUMBER_OBJECT_CONVERSION = YES_AGGRESSIVE;
				CLANG_CXX_LANGUAGE_STANDARD = "gnu++14";
				CLANG_CXX_LIBRARY = "libc++";
				CLANG_ENABLE_MODULES = YES;
				CLANG_ENABLE_OBJC_ARC = YES;
				CLANG_ENABLE_OBJC_WEAK = YES;
				CLANG_WARN_BLOCK_CAPTURE_AUTORELEASING = YES;
				CLANG_WARN_BOOL_CONVERSION = YES;
				CLANG_WARN_COMMA = YES;
				CLANG_WARN_CONSTANT_CONVERSION = YES;
				CLANG_WARN_DEPRECATED_OBJC_IMPLEMENTATIONS = YES;
				CLANG_WARN_DIRECT_OBJC_ISA_USAGE = YES_ERROR;
				CLANG_WARN_DOCUMENTATION_COMMENTS = YES;
				CLANG_WARN_EMPTY_BODY = YES;
				CLANG_WARN_ENUM_CONVERSION = YES;
				CLANG_WARN_INFINITE_RECURSION = YES;
				CLANG_WARN_INT_CONVERSION = YES;
				CLANG_WARN_NON_LITERAL_NULL_CONVERSION = YES;
				CLANG_WARN_OBJC_IMPLICIT_RETAIN_SELF = YES;
				CLANG_WARN_OBJC_LITERAL_CONVERSION = YES;
				CLANG_WARN_OBJC_ROOT_CLASS = YES_ERROR;
				CLANG_WARN_QUOTED_INCLUDE_IN_FRAMEWORK_HEADER = YES;
				CLANG_WARN_RANGE_LOOP_ANALYSIS = YES;
				CLANG_WARN_STRICT_PROTOTYPES = YES;
				CLANG_WARN_SUSPICIOUS_MOVE = YES;
				CLANG_WARN_UNGUARDED_AVAILABILITY = YES_AGGRESSIVE;
				CLANG_WARN_UNREACHABLE_CODE = YES;
				CLANG_WARN__DUPLICATE_METHOD_MATCH = YES;
				COPY_PHASE_STRIP = NO;
				DEBUG_INFORMATION_FORMAT = dwarf;
				ENABLE_STRICT_OBJC_MSGSEND = YES;
				ENABLE_TESTABILITY = YES;
				GCC_C_LANGUAGE_STANDARD = gnu11;
				GCC_DYNAMIC_NO_PIC = NO;
				GCC_NO_COMMON_BLOCKS = YES;
				GCC_OPTIMIZATION_LEVEL = 0;
				GCC_PREPROCESSOR_DEFINITIONS = (
					"DEBUG=1",
					"$(inherited)",
				);
				GCC_WARN_64_TO_32_BIT_CONVERSION = YES;
				GCC_WARN_ABOUT_RETURN_TYPE = YES_ERROR;
				GCC_WARN_UNDECLARED_SELECTOR = YES;
				GCC_WARN_UNINITIALIZED_AUTOS = YES_AGGRESSIVE;
				GCC_WARN_UNUSED_FUNCTION = YES;
				GCC_WARN_UNUSED_VARIABLE = YES;
				MTL_ENABLE_DEBUG_INFO = INCLUDE_SOURCE;
				MTL_FAST_MATH = YES;
				ONLY_ACTIVE_ARCH = YES;
				SDKROOT = iphoneos;
				SWIFT_ACTIVE_COMPILATION_CONDITIONS = DEBUG;
				SWIFT_OPTIMIZATION_LEVEL = "-Onone";
			};
			name = Debug;
		};
		D5A30CD42696B16500DE2012 /* Release */ = {
			isa = XCBuildConfiguration;
			buildSettings = {
				ALWAYS_SEARCH_USER_PATHS = NO;
				CLANG_ANALYZER_NONNULL = YES;
				CLANG_ANALYZER_NUMBER_OBJECT_CONVERSION = YES_AGGRESSIVE;
				CLANG_CXX_LANGUAGE_STANDARD = "gnu++14";
				CLANG_CXX_LIBRARY = "libc++";
				CLANG_ENABLE_MODULES = YES;
				CLANG_ENABLE_OBJC_ARC = YES;
				CLANG_ENABLE_OBJC_WEAK = YES;
				CLANG_WARN_BLOCK_CAPTURE_AUTORELEASING = YES;
				CLANG_WARN_BOOL_CONVERSION = YES;
				CLANG_WARN_COMMA = YES;
				CLANG_WARN_CONSTANT_CONVERSION = YES;
				CLANG_WARN_DEPRECATED_OBJC_IMPLEMENTATIONS = YES;
				CLANG_WARN_DIRECT_OBJC_ISA_USAGE = YES_ERROR;
				CLANG_WARN_DOCUMENTATION_COMMENTS = YES;
				CLANG_WARN_EMPTY_BODY = YES;
				CLANG_WARN_ENUM_CONVERSION = YES;
				CLANG_WARN_INFINITE_RECURSION = YES;
				CLANG_WARN_INT_CONVERSION = YES;
				CLANG_WARN_NON_LITERAL_NULL_CONVERSION = YES;
				CLANG_WARN_OBJC_IMPLICIT_RETAIN_SELF = YES;
				CLANG_WARN_OBJC_LITERAL_CONVERSION = YES;
				CLANG_WARN_OBJC_ROOT_CLASS = YES_ERROR;
				CLANG_WARN_QUOTED_INCLUDE_IN_FRAMEWORK_HEADER = YES;
				CLANG_WARN_RANGE_LOOP_ANALYSIS = YES;
				CLANG_WARN_STRICT_PROTOTYPES = YES;
				CLANG_WARN_SUSPICIOUS_MOVE = YES;
				CLANG_WARN_UNGUARDED_AVAILABILITY = YES_AGGRESSIVE;
				CLANG_WARN_UNREACHABLE_CODE = YES;
				CLANG_WARN__DUPLICATE_METHOD_MATCH = YES;
				COPY_PHASE_STRIP = NO;
				DEBUG_INFORMATION_FORMAT = "dwarf-with-dsym";
				ENABLE_NS_ASSERTIONS = NO;
				ENABLE_STRICT_OBJC_MSGSEND = YES;
				GCC_C_LANGUAGE_STANDARD = gnu11;
				GCC_NO_COMMON_BLOCKS = YES;
				GCC_WARN_64_TO_32_BIT_CONVERSION = YES;
				GCC_WARN_ABOUT_RETURN_TYPE = YES_ERROR;
				GCC_WARN_UNDECLARED_SELECTOR = YES;
				GCC_WARN_UNINITIALIZED_AUTOS = YES_AGGRESSIVE;
				GCC_WARN_UNUSED_FUNCTION = YES;
				GCC_WARN_UNUSED_VARIABLE = YES;
				MTL_ENABLE_DEBUG_INFO = NO;
				MTL_FAST_MATH = YES;
				SDKROOT = iphoneos;
				SWIFT_COMPILATION_MODE = wholemodule;
				SWIFT_OPTIMIZATION_LEVEL = "-O";
				VALIDATE_PRODUCT = YES;
			};
			name = Release;
		};
		D5A30CD62696B16500DE2012 /* Debug */ = {
			isa = XCBuildConfiguration;
			buildSettings = {
				ASSETCATALOG_COMPILER_COMPLICATION_NAME = Complication;
				CODE_SIGN_STYLE = Automatic;
				DEVELOPMENT_TEAM = ZX2464TT2X;
				INFOPLIST_FILE = "Punching Power WatchKit Extension/Info.plist";
				LD_RUNPATH_SEARCH_PATHS = (
					"$(inherited)",
					"@executable_path/Frameworks",
					"@executable_path/../../Frameworks",
				);
				PRODUCT_BUNDLE_IDENTIFIER = "easjr.Punching-Power.watchkitapp.watchkitextension";
				PRODUCT_NAME = "${TARGET_NAME}";
				SDKROOT = watchos;
				SKIP_INSTALL = YES;
				SWIFT_VERSION = 5.0;
				TARGETED_DEVICE_FAMILY = 4;
				WATCHOS_DEPLOYMENT_TARGET = 7.4;
			};
			name = Debug;
		};
		D5A30CD72696B16500DE2012 /* Release */ = {
			isa = XCBuildConfiguration;
			buildSettings = {
				ASSETCATALOG_COMPILER_COMPLICATION_NAME = Complication;
				CODE_SIGN_STYLE = Automatic;
				DEVELOPMENT_TEAM = ZX2464TT2X;
				INFOPLIST_FILE = "Punching Power WatchKit Extension/Info.plist";
				LD_RUNPATH_SEARCH_PATHS = (
					"$(inherited)",
					"@executable_path/Frameworks",
					"@executable_path/../../Frameworks",
				);
				PRODUCT_BUNDLE_IDENTIFIER = "easjr.Punching-Power.watchkitapp.watchkitextension";
				PRODUCT_NAME = "${TARGET_NAME}";
				SDKROOT = watchos;
				SKIP_INSTALL = YES;
				SWIFT_VERSION = 5.0;
				TARGETED_DEVICE_FAMILY = 4;
				WATCHOS_DEPLOYMENT_TARGET = 7.4;
			};
			name = Release;
		};
		D5A30CDA2696B16500DE2012 /* Debug */ = {
			isa = XCBuildConfiguration;
			buildSettings = {
				ALWAYS_EMBED_SWIFT_STANDARD_LIBRARIES = YES;
				ASSETCATALOG_COMPILER_APPICON_NAME = AppIcon;
				ASSETCATALOG_COMPILER_GLOBAL_ACCENT_COLOR_NAME = AccentColor;
				CODE_SIGN_STYLE = Automatic;
				DEVELOPMENT_TEAM = ZX2464TT2X;
				IBSC_MODULE = Punching_Power_WatchKit_Extension;
				INFOPLIST_FILE = "Punching Power WatchKit App/Info.plist";
				PRODUCT_BUNDLE_IDENTIFIER = "easjr.Punching-Power.watchkitapp";
				PRODUCT_NAME = "$(TARGET_NAME)";
				SDKROOT = watchos;
				SKIP_INSTALL = YES;
				SWIFT_VERSION = 5.0;
				TARGETED_DEVICE_FAMILY = 4;
				WATCHOS_DEPLOYMENT_TARGET = 7.4;
			};
			name = Debug;
		};
		D5A30CDB2696B16500DE2012 /* Release */ = {
			isa = XCBuildConfiguration;
			buildSettings = {
				ALWAYS_EMBED_SWIFT_STANDARD_LIBRARIES = YES;
				ASSETCATALOG_COMPILER_APPICON_NAME = AppIcon;
				ASSETCATALOG_COMPILER_GLOBAL_ACCENT_COLOR_NAME = AccentColor;
				CODE_SIGN_STYLE = Automatic;
				DEVELOPMENT_TEAM = ZX2464TT2X;
				IBSC_MODULE = Punching_Power_WatchKit_Extension;
				INFOPLIST_FILE = "Punching Power WatchKit App/Info.plist";
				PRODUCT_BUNDLE_IDENTIFIER = "easjr.Punching-Power.watchkitapp";
				PRODUCT_NAME = "$(TARGET_NAME)";
				SDKROOT = watchos;
				SKIP_INSTALL = YES;
				SWIFT_VERSION = 5.0;
				TARGETED_DEVICE_FAMILY = 4;
				WATCHOS_DEPLOYMENT_TARGET = 7.4;
			};
			name = Release;
		};
		D5A30CDE2696B16500DE2012 /* Debug */ = {
			isa = XCBuildConfiguration;
			buildSettings = {
				CODE_SIGN_STYLE = Automatic;
				CURRENT_PROJECT_VERSION = 1;
				DEVELOPMENT_TEAM = ZX2464TT2X;
				MARKETING_VERSION = 1.0;
				PRODUCT_BUNDLE_IDENTIFIER = "easjr.Punching-Power";
				PRODUCT_NAME = "$(TARGET_NAME)";
				SWIFT_VERSION = 5.0;
			};
			name = Debug;
		};
		D5A30CDF2696B16500DE2012 /* Release */ = {
			isa = XCBuildConfiguration;
			buildSettings = {
				CODE_SIGN_STYLE = Automatic;
				CURRENT_PROJECT_VERSION = 1;
				DEVELOPMENT_TEAM = ZX2464TT2X;
				MARKETING_VERSION = 1.0;
				PRODUCT_BUNDLE_IDENTIFIER = "easjr.Punching-Power";
				PRODUCT_NAME = "$(TARGET_NAME)";
				SWIFT_VERSION = 5.0;
			};
			name = Release;
		};
/* End XCBuildConfiguration section */

/* Begin XCConfigurationList section */
		D5A30CAF2696B16200DE2012 /* Build configuration list for PBXProject "Punching Power" */ = {
			isa = XCConfigurationList;
			buildConfigurations = (
				D5A30CD32696B16500DE2012 /* Debug */,
				D5A30CD42696B16500DE2012 /* Release */,
			);
			defaultConfigurationIsVisible = 0;
			defaultConfigurationName = Release;
		};
		D5A30CD52696B16500DE2012 /* Build configuration list for PBXNativeTarget "Punching Power WatchKit Extension" */ = {
			isa = XCConfigurationList;
			buildConfigurations = (
				D5A30CD62696B16500DE2012 /* Debug */,
				D5A30CD72696B16500DE2012 /* Release */,
			);
			defaultConfigurationIsVisible = 0;
			defaultConfigurationName = Release;
		};
		D5A30CD92696B16500DE2012 /* Build configuration list for PBXNativeTarget "Punching Power WatchKit App" */ = {
			isa = XCConfigurationList;
			buildConfigurations = (
				D5A30CDA2696B16500DE2012 /* Debug */,
				D5A30CDB2696B16500DE2012 /* Release */,
			);
			defaultConfigurationIsVisible = 0;
			defaultConfigurationName = Release;
		};
		D5A30CDD2696B16500DE2012 /* Build configuration list for PBXNativeTarget "Punching Power" */ = {
			isa = XCConfigurationList;
			buildConfigurations = (
				D5A30CDE2696B16500DE2012 /* Debug */,
				D5A30CDF2696B16500DE2012 /* Release */,
			);
			defaultConfigurationIsVisible = 0;
			defaultConfigurationName = Release;
		};
/* End XCConfigurationList section */
	};
	rootObject = D5A30CAC2696B16200DE2012 /* Project object */;
}
